
Microsoft Visual Studio Solution File, Format Version 12.00
# Visual Studio Version 16
VisualStudioVersion = 16.0.31515.178
MinimumVisualStudioVersion = 10.0.40219.1
Project("{8BC9CEB8-8B4A-11D0-8D11-00A0C91BC942}") = "Audio player", "Audio player\Audio player.vcxproj", "{EB74FC48-7B43-45F5-9A8A-3C4CB24537D5}"
EndProject
Global
	GlobalSection(SolutionConfigurationPlatforms) = preSolution
		Debug|x64 = Debug|x64
		Debug|x86 = Debug|x86
		Release|x64 = Release|x64
		Release|x86 = Release|x86
	EndGlobalSection
	GlobalSection(ProjectConfigurationPlatforms) = postSolution
		{EB74FC48-7B43-45F5-9A8A-3C4CB24537D5}.Debug|x64.ActiveCfg = Debug|x64
		{EB74FC48-7B43-45F5-9A8A-3C4CB24537D5}.Debug|x64.Build.0 = Debug|x64
		{EB74FC48-7B43-45F5-9A8A-3C4CB24537D5}.Debug|x86.ActiveCfg = Debug|Win32
		{EB74FC48-7B43-45F5-9A8A-3C4CB24537D5}.Debug|x86.Build.0 = Debug|Win32
		{EB74FC48-7B43-45F5-9A8A-3C4CB24537D5}.Release|x64.ActiveCfg = Release|x64
		{EB74FC48-7B43-45F5-9A8A-3C4CB24537D5}.Release|x64.Build.0 = Release|x64
		{EB74FC48-7B43-45F5-9A8A-3C4CB24537D5}.Release|x86.ActiveCfg = Release|Win32
		{EB74FC48-7B43-45F5-9A8A-3C4CB24537D5}.Release|x86.Build.0 = Release|Win32
	EndGlobalSection
	GlobalSection(SolutionProperties) = preSolution
		HideSolutionNode = FALSE
	EndGlobalSection
	GlobalSection(ExtensibilityGlobals) = postSolution
		SolutionGuid = {E6C0341C-2A4F-45ED-A40A-C708C1B5D26E}
	EndGlobalSection
EndGlobal
